// !$*UTF8*$!
{
	archiveVersion = 1;
	classes = {
	};
	objectVersion = 51;
	objects = {

/* Begin PBXBuildFile section */
		103CFA2224700BAA007ED20A /* LoginOTPViewController.swift in Sources */ = {isa = PBXBuildFile; fileRef = 103CFA2124700BAA007ED20A /* LoginOTPViewController.swift */; };
		103CFA2824701740007ED20A /* GoogleService-Info.plist in Resources */ = {isa = PBXBuildFile; fileRef = 103CFA2724701740007ED20A /* GoogleService-Info.plist */; };
		10923DCF246C02FC00D918F0 /* AppDelegate.swift in Sources */ = {isa = PBXBuildFile; fileRef = 10923DCE246C02FC00D918F0 /* AppDelegate.swift */; };
		10923DD1246C02FC00D918F0 /* SceneDelegate.swift in Sources */ = {isa = PBXBuildFile; fileRef = 10923DD0246C02FC00D918F0 /* SceneDelegate.swift */; };
		10923DD3246C02FC00D918F0 /* HomeViewController.swift in Sources */ = {isa = PBXBuildFile; fileRef = 10923DD2246C02FC00D918F0 /* HomeViewController.swift */; };
		10923DD6246C02FC00D918F0 /* Home.storyboard in Resources */ = {isa = PBXBuildFile; fileRef = 10923DD4246C02FC00D918F0 /* Home.storyboard */; };
		10923DD8246C030500D918F0 /* Assets.xcassets in Resources */ = {isa = PBXBuildFile; fileRef = 10923DD7246C030500D918F0 /* Assets.xcassets */; };
		10923DDB246C030500D918F0 /* LaunchScreen.storyboard in Resources */ = {isa = PBXBuildFile; fileRef = 10923DD9246C030500D918F0 /* LaunchScreen.storyboard */; };
		10923DE4246C17F600D918F0 /* LoggedOutMenuTableViewController.swift in Sources */ = {isa = PBXBuildFile; fileRef = 10923DE3246C17F600D918F0 /* LoggedOutMenuTableViewController.swift */; };
		10923DE6246C372400D918F0 /* Menu.storyboard in Resources */ = {isa = PBXBuildFile; fileRef = 10923DE5246C372400D918F0 /* Menu.storyboard */; };
		10923DE9246C396B00D918F0 /* SlideInTransition.swift in Sources */ = {isa = PBXBuildFile; fileRef = 10923DE8246C396B00D918F0 /* SlideInTransition.swift */; };
		10923DEB246C3A9400D918F0 /* SignInMenuTableViewController.swift in Sources */ = {isa = PBXBuildFile; fileRef = 10923DEA246C3A9400D918F0 /* SignInMenuTableViewController.swift */; };
		10923DED246C451200D918F0 /* SignInAndRegister.storyboard in Resources */ = {isa = PBXBuildFile; fileRef = 10923DEC246C451200D918F0 /* SignInAndRegister.storyboard */; };
		10BFA68D246C4DAD00408120 /* SignInAndRegisterViewController.swift in Sources */ = {isa = PBXBuildFile; fileRef = 10BFA68C246C4DAD00408120 /* SignInAndRegisterViewController.swift */; };
		10BFA68F246C824B00408120 /* RegisterViewController.swift in Sources */ = {isa = PBXBuildFile; fileRef = 10BFA68E246C824B00408120 /* RegisterViewController.swift */; };
		10BFA691246C851700408120 /* Shadow.swift in Sources */ = {isa = PBXBuildFile; fileRef = 10BFA690246C851700408120 /* Shadow.swift */; };
		10BFA693246D89F800408120 /* SlideUpTransition.swift in Sources */ = {isa = PBXBuildFile; fileRef = 10BFA692246D89F800408120 /* SlideUpTransition.swift */; };
		10BFA695246D8C4000408120 /* RegisterOTPViewController.swift in Sources */ = {isa = PBXBuildFile; fileRef = 10BFA694246D8C4000408120 /* RegisterOTPViewController.swift */; };
		B7E38B78127FA09F09B4BFCA /* Pods_DocsInOne.framework in Frameworks */ = {isa = PBXBuildFile; fileRef = 9C799BDF6C782A428B550DD4 /* Pods_DocsInOne.framework */; };
/* End PBXBuildFile section */

/* Begin PBXFileReference section */
		103CFA2124700BAA007ED20A /* LoginOTPViewController.swift */ = {isa = PBXFileReference; lastKnownFileType = sourcecode.swift; path = LoginOTPViewController.swift; sourceTree = "<group>"; };
		103CFA2724701740007ED20A /* GoogleService-Info.plist */ = {isa = PBXFileReference; fileEncoding = 4; lastKnownFileType = text.plist.xml; path = "GoogleService-Info.plist"; sourceTree = "<group>"; };
		10923DCB246C02FC00D918F0 /* DocsInOne.app */ = {isa = PBXFileReference; explicitFileType = wrapper.application; includeInIndex = 0; path = DocsInOne.app; sourceTree = BUILT_PRODUCTS_DIR; };
		10923DCE246C02FC00D918F0 /* AppDelegate.swift */ = {isa = PBXFileReference; lastKnownFileType = sourcecode.swift; path = AppDelegate.swift; sourceTree = "<group>"; };
		10923DD0246C02FC00D918F0 /* SceneDelegate.swift */ = {isa = PBXFileReference; lastKnownFileType = sourcecode.swift; path = SceneDelegate.swift; sourceTree = "<group>"; };
		10923DD2246C02FC00D918F0 /* HomeViewController.swift */ = {isa = PBXFileReference; lastKnownFileType = sourcecode.swift; path = HomeViewController.swift; sourceTree = "<group>"; };
		10923DD5246C02FC00D918F0 /* Base */ = {isa = PBXFileReference; lastKnownFileType = file.storyboard; name = Base; path = Base.lproj/Home.storyboard; sourceTree = "<group>"; };
		10923DD7246C030500D918F0 /* Assets.xcassets */ = {isa = PBXFileReference; lastKnownFileType = folder.assetcatalog; path = Assets.xcassets; sourceTree = "<group>"; };
		10923DDA246C030500D918F0 /* Base */ = {isa = PBXFileReference; lastKnownFileType = file.storyboard; name = Base; path = Base.lproj/LaunchScreen.storyboard; sourceTree = "<group>"; };
		10923DDC246C030500D918F0 /* Info.plist */ = {isa = PBXFileReference; lastKnownFileType = text.plist.xml; path = Info.plist; sourceTree = "<group>"; };
		10923DE3246C17F600D918F0 /* LoggedOutMenuTableViewController.swift */ = {isa = PBXFileReference; lastKnownFileType = sourcecode.swift; path = LoggedOutMenuTableViewController.swift; sourceTree = "<group>"; };
		10923DE5246C372400D918F0 /* Menu.storyboard */ = {isa = PBXFileReference; fileEncoding = 4; lastKnownFileType = file.storyboard; path = Menu.storyboard; sourceTree = "<group>"; };
		10923DE8246C396B00D918F0 /* SlideInTransition.swift */ = {isa = PBXFileReference; fileEncoding = 4; lastKnownFileType = sourcecode.swift; path = SlideInTransition.swift; sourceTree = "<group>"; };
		10923DEA246C3A9400D918F0 /* SignInMenuTableViewController.swift */ = {isa = PBXFileReference; lastKnownFileType = sourcecode.swift; path = SignInMenuTableViewController.swift; sourceTree = "<group>"; };
		10923DEC246C451200D918F0 /* SignInAndRegister.storyboard */ = {isa = PBXFileReference; lastKnownFileType = file.storyboard; path = SignInAndRegister.storyboard; sourceTree = "<group>"; };
		10BFA68C246C4DAD00408120 /* SignInAndRegisterViewController.swift */ = {isa = PBXFileReference; lastKnownFileType = sourcecode.swift; path = SignInAndRegisterViewController.swift; sourceTree = "<group>"; };
		10BFA68E246C824B00408120 /* RegisterViewController.swift */ = {isa = PBXFileReference; lastKnownFileType = sourcecode.swift; path = RegisterViewController.swift; sourceTree = "<group>"; };
		10BFA690246C851700408120 /* Shadow.swift */ = {isa = PBXFileReference; lastKnownFileType = sourcecode.swift; path = Shadow.swift; sourceTree = "<group>"; };
		10BFA692246D89F800408120 /* SlideUpTransition.swift */ = {isa = PBXFileReference; lastKnownFileType = sourcecode.swift; path = SlideUpTransition.swift; sourceTree = "<group>"; };
		10BFA694246D8C4000408120 /* RegisterOTPViewController.swift */ = {isa = PBXFileReference; lastKnownFileType = sourcecode.swift; path = RegisterOTPViewController.swift; sourceTree = "<group>"; };
		39C967C7D81F443C0A271CD7 /* Pods-DocsInOne.release.xcconfig */ = {isa = PBXFileReference; includeInIndex = 1; lastKnownFileType = text.xcconfig; name = "Pods-DocsInOne.release.xcconfig"; path = "Target Support Files/Pods-DocsInOne/Pods-DocsInOne.release.xcconfig"; sourceTree = "<group>"; };
		9C799BDF6C782A428B550DD4 /* Pods_DocsInOne.framework */ = {isa = PBXFileReference; explicitFileType = wrapper.framework; includeInIndex = 0; path = Pods_DocsInOne.framework; sourceTree = BUILT_PRODUCTS_DIR; };
		FDA701A2B6A2E1295C4A715B /* Pods-DocsInOne.debug.xcconfig */ = {isa = PBXFileReference; includeInIndex = 1; lastKnownFileType = text.xcconfig; name = "Pods-DocsInOne.debug.xcconfig"; path = "Target Support Files/Pods-DocsInOne/Pods-DocsInOne.debug.xcconfig"; sourceTree = "<group>"; };
/* End PBXFileReference section */

/* Begin PBXFrameworksBuildPhase section */
		10923DC8246C02FC00D918F0 /* Frameworks */ = {
			isa = PBXFrameworksBuildPhase;
			buildActionMask = 2147483647;
			files = (
				B7E38B78127FA09F09B4BFCA /* Pods_DocsInOne.framework in Frameworks */,
			);
			runOnlyForDeploymentPostprocessing = 0;
		};
/* End PBXFrameworksBuildPhase section */

/* Begin PBXGroup section */
		10923DC2246C02FC00D918F0 = {
			isa = PBXGroup;
			children = (
				10923DCD246C02FC00D918F0 /* DocsInOne */,
				10923DCC246C02FC00D918F0 /* Products */,
				608A82319A136A32F1A67381 /* Pods */,
				8E171671BE22D456E4BD7AAF /* Frameworks */,
			);
			sourceTree = "<group>";
		};
		10923DCC246C02FC00D918F0 /* Products */ = {
			isa = PBXGroup;
			children = (
				10923DCB246C02FC00D918F0 /* DocsInOne.app */,
			);
			name = Products;
			sourceTree = "<group>";
		};
		10923DCD246C02FC00D918F0 /* DocsInOne */ = {
			isa = PBXGroup;
			children = (
				10923DE8246C396B00D918F0 /* SlideInTransition.swift */,
				10BFA692246D89F800408120 /* SlideUpTransition.swift */,
				10923DCE246C02FC00D918F0 /* AppDelegate.swift */,
				10923DD0246C02FC00D918F0 /* SceneDelegate.swift */,
				10BFA690246C851700408120 /* Shadow.swift */,
				10923DE2246C17D600D918F0 /* View Controller */,
				10923DE7246C373C00D918F0 /* StoryBoard */,
				10923DD7246C030500D918F0 /* Assets.xcassets */,
				10923DD9246C030500D918F0 /* LaunchScreen.storyboard */,
				103CFA2724701740007ED20A /* GoogleService-Info.plist */,
				10923DDC246C030500D918F0 /* Info.plist */,
			);
			path = DocsInOne;
			sourceTree = "<group>";
		};
		10923DE2246C17D600D918F0 /* View Controller */ = {
			isa = PBXGroup;
			children = (
				10923DD2246C02FC00D918F0 /* HomeViewController.swift */,
				10923DE3246C17F600D918F0 /* LoggedOutMenuTableViewController.swift */,
				10923DEA246C3A9400D918F0 /* SignInMenuTableViewController.swift */,
				10BFA68C246C4DAD00408120 /* SignInAndRegisterViewController.swift */,
				10BFA68E246C824B00408120 /* RegisterViewController.swift */,
				10BFA694246D8C4000408120 /* RegisterOTPViewController.swift */,
				103CFA2124700BAA007ED20A /* LoginOTPViewController.swift */,
			);
			path = "View Controller";
			sourceTree = "<group>";
		};
		10923DE7246C373C00D918F0 /* StoryBoard */ = {
			isa = PBXGroup;
			children = (
				10923DD4246C02FC00D918F0 /* Home.storyboard */,
				10923DE5246C372400D918F0 /* Menu.storyboard */,
				10923DEC246C451200D918F0 /* SignInAndRegister.storyboard */,
			);
			path = StoryBoard;
			sourceTree = "<group>";
		};
		608A82319A136A32F1A67381 /* Pods */ = {
			isa = PBXGroup;
			children = (
				FDA701A2B6A2E1295C4A715B /* Pods-DocsInOne.debug.xcconfig */,
				39C967C7D81F443C0A271CD7 /* Pods-DocsInOne.release.xcconfig */,
			);
			path = Pods;
			sourceTree = "<group>";
		};
		8E171671BE22D456E4BD7AAF /* Frameworks */ = {
			isa = PBXGroup;
			children = (
				9C799BDF6C782A428B550DD4 /* Pods_DocsInOne.framework */,
			);
			name = Frameworks;
			sourceTree = "<group>";
		};
/* End PBXGroup section */

/* Begin PBXNativeTarget section */
		10923DCA246C02FC00D918F0 /* DocsInOne */ = {
			isa = PBXNativeTarget;
			buildConfigurationList = 10923DDF246C030500D918F0 /* Build configuration list for PBXNativeTarget "DocsInOne" */;
			buildPhases = (
				8BE7F6975D62CF4C80FF6628 /* [CP] Check Pods Manifest.lock */,
				10923DC7246C02FC00D918F0 /* Sources */,
				10923DC8246C02FC00D918F0 /* Frameworks */,
				10923DC9246C02FC00D918F0 /* Resources */,
				A73E05F0C3933D196E15DB65 /* [CP] Embed Pods Frameworks */,
			);
			buildRules = (
			);
			dependencies = (
			);
			name = DocsInOne;
			productName = DocsInOne;
			productReference = 10923DCB246C02FC00D918F0 /* DocsInOne.app */;
			productType = "com.apple.product-type.application";
		};
/* End PBXNativeTarget section */

/* Begin PBXProject section */
		10923DC3246C02FC00D918F0 /* Project object */ = {
			isa = PBXProject;
			attributes = {
				LastSwiftUpdateCheck = 1140;
				LastUpgradeCheck = 1140;
				ORGANIZATIONNAME = deveshtyagi7;
				TargetAttributes = {
					10923DCA246C02FC00D918F0 = {
						CreatedOnToolsVersion = 11.4.1;
					};
				};
			};
			buildConfigurationList = 10923DC6246C02FC00D918F0 /* Build configuration list for PBXProject "DocsInOne" */;
			compatibilityVersion = "Xcode 9.3";
			developmentRegion = en;
			hasScannedForEncodings = 0;
			knownRegions = (
				en,
				Base,
			);
			mainGroup = 10923DC2246C02FC00D918F0;
			productRefGroup = 10923DCC246C02FC00D918F0 /* Products */;
			projectDirPath = "";
			projectRoot = "";
			targets = (
				10923DCA246C02FC00D918F0 /* DocsInOne */,
			);
		};
/* End PBXProject section */

/* Begin PBXResourcesBuildPhase section */
		10923DC9246C02FC00D918F0 /* Resources */ = {
			isa = PBXResourcesBuildPhase;
			buildActionMask = 2147483647;
			files = (
				10923DDB246C030500D918F0 /* LaunchScreen.storyboard in Resources */,
				10923DED246C451200D918F0 /* SignInAndRegister.storyboard in Resources */,
				10923DD8246C030500D918F0 /* Assets.xcassets in Resources */,
				10923DD6246C02FC00D918F0 /* Home.storyboard in Resources */,
				10923DE6246C372400D918F0 /* Menu.storyboard in Resources */,
				103CFA2824701740007ED20A /* GoogleService-Info.plist in Resources */,
			);
			runOnlyForDeploymentPostprocessing = 0;
		};
/* End PBXResourcesBuildPhase section */

/* Begin PBXShellScriptBuildPhase section */
		8BE7F6975D62CF4C80FF6628 /* [CP] Check Pods Manifest.lock */ = {
			isa = PBXShellScriptBuildPhase;
			buildActionMask = 2147483647;
			files = (
			);
			inputFileListPaths = (
			);
			inputPaths = (
				"${PODS_PODFILE_DIR_PATH}/Podfile.lock",
				"${PODS_ROOT}/Manifest.lock",
			);
			name = "[CP] Check Pods Manifest.lock";
			outputFileListPaths = (
			);
			outputPaths = (
				"$(DERIVED_FILE_DIR)/Pods-DocsInOne-checkManifestLockResult.txt",
			);
			runOnlyForDeploymentPostprocessing = 0;
			shellPath = /bin/sh;
			shellScript = "diff \"${PODS_PODFILE_DIR_PATH}/Podfile.lock\" \"${PODS_ROOT}/Manifest.lock\" > /dev/null\nif [ $? != 0 ] ; then\n    # print error to STDERR\n    echo \"error: The sandbox is not in sync with the Podfile.lock. Run 'pod install' or update your CocoaPods installation.\" >&2\n    exit 1\nfi\n# This output is used by Xcode 'outputs' to avoid re-running this script phase.\necho \"SUCCESS\" > \"${SCRIPT_OUTPUT_FILE_0}\"\n";
			showEnvVarsInLog = 0;
		};
		A73E05F0C3933D196E15DB65 /* [CP] Embed Pods Frameworks */ = {
			isa = PBXShellScriptBuildPhase;
			buildActionMask = 2147483647;
			files = (
			);
			inputFileListPaths = (
				"${PODS_ROOT}/Target Support Files/Pods-DocsInOne/Pods-DocsInOne-frameworks-${CONFIGURATION}-input-files.xcfilelist",
			);
			name = "[CP] Embed Pods Frameworks";
			outputFileListPaths = (
				"${PODS_ROOT}/Target Support Files/Pods-DocsInOne/Pods-DocsInOne-frameworks-${CONFIGURATION}-output-files.xcfilelist",
			);
			runOnlyForDeploymentPostprocessing = 0;
			shellPath = /bin/sh;
			shellScript = "\"${PODS_ROOT}/Target Support Files/Pods-DocsInOne/Pods-DocsInOne-frameworks.sh\"\n";
			showEnvVarsInLog = 0;
		};
/* End PBXShellScriptBuildPhase section */

/* Begin PBXSourcesBuildPhase section */
		10923DC7246C02FC00D918F0 /* Sources */ = {
			isa = PBXSourcesBuildPhase;
			buildActionMask = 2147483647;
			files = (
				10923DE4246C17F600D918F0 /* LoggedOutMenuTableViewController.swift in Sources */,
				10923DD3246C02FC00D918F0 /* HomeViewController.swift in Sources */,
				10923DCF246C02FC00D918F0 /* AppDelegate.swift in Sources */,
				10BFA68F246C824B00408120 /* RegisterViewController.swift in Sources */,
				10BFA691246C851700408120 /* Shadow.swift in Sources */,
				10923DD1246C02FC00D918F0 /* SceneDelegate.swift in Sources */,
				10BFA695246D8C4000408120 /* RegisterOTPViewController.swift in Sources */,
				10923DEB246C3A9400D918F0 /* SignInMenuTableViewController.swift in Sources */,
				10923DE9246C396B00D918F0 /* SlideInTransition.swift in Sources */,
				10BFA68D246C4DAD00408120 /* SignInAndRegisterViewController.swift in Sources */,
				103CFA2224700BAA007ED20A /* LoginOTPViewController.swift in Sources */,
				10BFA693246D89F800408120 /* SlideUpTransition.swift in Sources */,
			);
			runOnlyForDeploymentPostprocessing = 0;
		};
/* End PBXSourcesBuildPhase section */

/* Begin PBXVariantGroup section */
		10923DD4246C02FC00D918F0 /* Home.storyboard */ = {
			isa = PBXVariantGroup;
			children = (
				10923DD5246C02FC00D918F0 /* Base */,
			);
			name = Home.storyboard;
			sourceTree = "<group>";
		};
		10923DD9246C030500D918F0 /* LaunchScreen.storyboard */ = {
			isa = PBXVariantGroup;
			children = (
				10923DDA246C030500D918F0 /* Base */,
			);
			name = LaunchScreen.storyboard;
			sourceTree = "<group>";
		};
/* End PBXVariantGroup section */

/* Begin XCBuildConfiguration section */
		10923DDD246C030500D918F0 /* Debug */ = {
			isa = XCBuildConfiguration;
			buildSettings = {
				ALWAYS_SEARCH_USER_PATHS = NO;
				CLANG_ANALYZER_NONNULL = YES;
				CLANG_ANALYZER_NUMBER_OBJECT_CONVERSION = YES_AGGRESSIVE;
				CLANG_CXX_LANGUAGE_STANDARD = "gnu++14";
				CLANG_CXX_LIBRARY = "libc++";
				CLANG_ENABLE_MODULES = YES;
				CLANG_ENABLE_OBJC_ARC = YES;
				CLANG_ENABLE_OBJC_WEAK = YES;
				CLANG_WARN_BLOCK_CAPTURE_AUTORELEASING = YES;
				CLANG_WARN_BOOL_CONVERSION = YES;
				CLANG_WARN_COMMA = YES;
				CLANG_WARN_CONSTANT_CONVERSION = YES;
				CLANG_WARN_DEPRECATED_OBJC_IMPLEMENTATIONS = YES;
				CLANG_WARN_DIRECT_OBJC_ISA_USAGE = YES_ERROR;
				CLANG_WARN_DOCUMENTATION_COMMENTS = YES;
				CLANG_WARN_EMPTY_BODY = YES;
				CLANG_WARN_ENUM_CONVERSION = YES;
				CLANG_WARN_INFINITE_RECURSION = YES;
				CLANG_WARN_INT_CONVERSION = YES;
				CLANG_WARN_NON_LITERAL_NULL_CONVERSION = YES;
				CLANG_WARN_OBJC_IMPLICIT_RETAIN_SELF = YES;
				CLANG_WARN_OBJC_LITERAL_CONVERSION = YES;
				CLANG_WARN_OBJC_ROOT_CLASS = YES_ERROR;
				CLANG_WARN_RANGE_LOOP_ANALYSIS = YES;
				CLANG_WARN_STRICT_PROTOTYPES = YES;
				CLANG_WARN_SUSPICIOUS_MOVE = YES;
				CLANG_WARN_UNGUARDED_AVAILABILITY = YES_AGGRESSIVE;
				CLANG_WARN_UNREACHABLE_CODE = YES;
				CLANG_WARN__DUPLICATE_METHOD_MATCH = YES;
				COPY_PHASE_STRIP = NO;
				DEBUG_INFORMATION_FORMAT = dwarf;
				ENABLE_STRICT_OBJC_MSGSEND = YES;
				ENABLE_TESTABILITY = YES;
				GCC_C_LANGUAGE_STANDARD = gnu11;
				GCC_DYNAMIC_NO_PIC = NO;
				GCC_NO_COMMON_BLOCKS = YES;
				GCC_OPTIMIZATION_LEVEL = 0;
				GCC_PREPROCESSOR_DEFINITIONS = (
					"DEBUG=1",
					"$(inherited)",
				);
				GCC_WARN_64_TO_32_BIT_CONVERSION = YES;
				GCC_WARN_ABOUT_RETURN_TYPE = YES_ERROR;
				GCC_WARN_UNDECLARED_SELECTOR = YES;
				GCC_WARN_UNINITIALIZED_AUTOS = YES_AGGRESSIVE;
				GCC_WARN_UNUSED_FUNCTION = YES;
				GCC_WARN_UNUSED_VARIABLE = YES;
				IPHONEOS_DEPLOYMENT_TARGET = 13.4;
				MTL_ENABLE_DEBUG_INFO = INCLUDE_SOURCE;
				MTL_FAST_MATH = YES;
				ONLY_ACTIVE_ARCH = YES;
				SDKROOT = iphoneos;
				SWIFT_ACTIVE_COMPILATION_CONDITIONS = DEBUG;
				SWIFT_OPTIMIZATION_LEVEL = "-Onone";
			};
			name = Debug;
		};
		10923DDE246C030500D918F0 /* Release */ = {
			isa = XCBuildConfiguration;
			buildSettings = {
				ALWAYS_SEARCH_USER_PATHS = NO;
				CLANG_ANALYZER_NONNULL = YES;
				CLANG_ANALYZER_NUMBER_OBJECT_CONVERSION = YES_AGGRESSIVE;
				CLANG_CXX_LANGUAGE_STANDARD = "gnu++14";
				CLANG_CXX_LIBRARY = "libc++";
				CLANG_ENABLE_MODULES = YES;
				CLANG_ENABLE_OBJC_ARC = YES;
				CLANG_ENABLE_OBJC_WEAK = YES;
				CLANG_WARN_BLOCK_CAPTURE_AUTORELEASING = YES;
				CLANG_WARN_BOOL_CONVERSION = YES;
				CLANG_WARN_COMMA = YES;
				CLANG_WARN_CONSTANT_CONVERSION = YES;
				CLANG_WARN_DEPRECATED_OBJC_IMPLEMENTATIONS = YES;
				CLANG_WARN_DIRECT_OBJC_ISA_USAGE = YES_ERROR;
				CLANG_WARN_DOCUMENTATION_COMMENTS = YES;
				CLANG_WARN_EMPTY_BODY = YES;
				CLANG_WARN_ENUM_CONVERSION = YES;
				CLANG_WARN_INFINITE_RECURSION = YES;
				CLANG_WARN_INT_CONVERSION = YES;
				CLANG_WARN_NON_LITERAL_NULL_CONVERSION = YES;
				CLANG_WARN_OBJC_IMPLICIT_RETAIN_SELF = YES;
				CLANG_WARN_OBJC_LITERAL_CONVERSION = YES;
				CLANG_WARN_OBJC_ROOT_CLASS = YES_ERROR;
				CLANG_WARN_RANGE_LOOP_ANALYSIS = YES;
				CLANG_WARN_STRICT_PROTOTYPES = YES;
				CLANG_WARN_SUSPICIOUS_MOVE = YES;
				CLANG_WARN_UNGUARDED_AVAILABILITY = YES_AGGRESSIVE;
				CLANG_WARN_UNREACHABLE_CODE = YES;
				CLANG_WARN__DUPLICATE_METHOD_MATCH = YES;
				COPY_PHASE_STRIP = NO;
				DEBUG_INFORMATION_FORMAT = "dwarf-with-dsym";
				ENABLE_NS_ASSERTIONS = NO;
				ENABLE_STRICT_OBJC_MSGSEND = YES;
				GCC_C_LANGUAGE_STANDARD = gnu11;
				GCC_NO_COMMON_BLOCKS = YES;
				GCC_WARN_64_TO_32_BIT_CONVERSION = YES;
				GCC_WARN_ABOUT_RETURN_TYPE = YES_ERROR;
				GCC_WARN_UNDECLARED_SELECTOR = YES;
				GCC_WARN_UNINITIALIZED_AUTOS = YES_AGGRESSIVE;
				GCC_WARN_UNUSED_FUNCTION = YES;
				GCC_WARN_UNUSED_VARIABLE = YES;
				IPHONEOS_DEPLOYMENT_TARGET = 13.4;
				MTL_ENABLE_DEBUG_INFO = NO;
				MTL_FAST_MATH = YES;
				SDKROOT = iphoneos;
				SWIFT_COMPILATION_MODE = wholemodule;
				SWIFT_OPTIMIZATION_LEVEL = "-O";
				VALIDATE_PRODUCT = YES;
			};
			name = Release;
		};
		10923DE0246C030500D918F0 /* Debug */ = {
			isa = XCBuildConfiguration;
			baseConfigurationReference = FDA701A2B6A2E1295C4A715B /* Pods-DocsInOne.debug.xcconfig */;
			buildSettings = {
				ASSETCATALOG_COMPILER_APPICON_NAME = AppIcon;
				CODE_SIGN_STYLE = Automatic;
				DEVELOPMENT_TEAM = 8HL6GD96GK;
				INFOPLIST_FILE = DocsInOne/Info.plist;
				IPHONEOS_DEPLOYMENT_TARGET = 13.0;
				LD_RUNPATH_SEARCH_PATHS = (
					"$(inherited)",
					"@executable_path/Frameworks",
				);
				PRODUCT_BUNDLE_IDENTIFIER = com.devesh.DocsInOne;
				PRODUCT_NAME = "$(TARGET_NAME)";
				SWIFT_VERSION = 5.0;
				TARGETED_DEVICE_FAMILY = "1,2";
			};
			name = Debug;
		};
		10923DE1246C030500D918F0 /* Release */ = {
			isa = XCBuildConfiguration;
			baseConfigurationReference = 39C967C7D81F443C0A271CD7 /* Pods-DocsInOne.release.xcconfig */;
			buildSettings = {
				ASSETCATALOG_COMPILER_APPICON_NAME = AppIcon;
				CODE_SIGN_STYLE = Automatic;
				DEVELOPMENT_TEAM = 8HL6GD96GK;
				INFOPLIST_FILE = DocsInOne/Info.plist;
				IPHONEOS_DEPLOYMENT_TARGET = 13.0;
				LD_RUNPATH_SEARCH_PATHS = (
					"$(inherited)",
					"@executable_path/Frameworks",
				);
				PRODUCT_BUNDLE_IDENTIFIER = com.devesh.DocsInOne;
				PRODUCT_NAME = "$(TARGET_NAME)";
				SWIFT_VERSION = 5.0;
				TARGETED_DEVICE_FAMILY = "1,2";
			};
			name = Release;
		};
/* End XCBuildConfiguration section */

/* Begin XCConfigurationList section */
		10923DC6246C02FC00D918F0 /* Build configuration list for PBXProject "DocsInOne" */ = {
			isa = XCConfigurationList;
			buildConfigurations = (
				10923DDD246C030500D918F0 /* Debug */,
				10923DDE246C030500D918F0 /* Release */,
			);
			defaultConfigurationIsVisible = 0;
			defaultConfigurationName = Release;
		};
		10923DDF246C030500D918F0 /* Build configuration list for PBXNativeTarget "DocsInOne" */ = {
			isa = XCConfigurationList;
			buildConfigurations = (
				10923DE0246C030500D918F0 /* Debug */,
				10923DE1246C030500D918F0 /* Release */,
			);
			defaultConfigurationIsVisible = 0;
			defaultConfigurationName = Release;
		};
/* End XCConfigurationList section */
	};
	rootObject = 10923DC3246C02FC00D918F0 /* Project object */;
}
